
Microsoft Visual Studio Solution File, Format Version 12.00
# Visual Studio 15
VisualStudioVersion = 15.0.27004.2002
MinimumVisualStudioVersion = 10.0.40219.1
Project("{FAE04EC0-301F-11D3-BF4B-00C04F79EFBC}") = "MyTasks", "MyTasks.csproj", "{EF522746-9B1A-4691-92F3-CDC5ACEBE30B}"
EndProject
Project("{FAE04EC0-301F-11D3-BF4B-00C04F79EFBC}") = "MyTasks.Test", "..\MyTasks.Test\MyTasks.Test.csproj", "{E2491C7D-683F-45B8-916F-16EC175062C3}"
EndProject
Global
	GlobalSection(SolutionConfigurationPlatforms) = preSolution
		Debug|Any CPU = Debug|Any CPU
		Release|Any CPU = Release|Any CPU
	EndGlobalSection
	GlobalSection(ProjectConfigurationPlatforms) = postSolution
		{EF522746-9B1A-4691-92F3-CDC5ACEBE30B}.Debug|Any CPU.ActiveCfg = Debug|Any CPU
		{EF522746-9B1A-4691-92F3-CDC5ACEBE30B}.Debug|Any CPU.Build.0 = Debug|Any CPU
		{EF522746-9B1A-4691-92F3-CDC5ACEBE30B}.Release|Any CPU.ActiveCfg = Release|Any CPU
		{EF522746-9B1A-4691-92F3-CDC5ACEBE30B}.Release|Any CPU.Build.0 = Release|Any CPU
		{E2491C7D-683F-45B8-916F-16EC175062C3}.Debug|Any CPU.ActiveCfg = Debug|Any CPU
		{E2491C7D-683F-45B8-916F-16EC175062C3}.Debug|Any CPU.Build.0 = Debug|Any CPU
		{E2491C7D-683F-45B8-916F-16EC175062C3}.Release|Any CPU.ActiveCfg = Release|Any CPU
		{E2491C7D-683F-45B8-916F-16EC175062C3}.Release|Any CPU.Build.0 = Release|Any CPU
	EndGlobalSection
	GlobalSection(SolutionProperties) = preSolution
		HideSolutionNode = FALSE
	EndGlobalSection
	GlobalSection(ExtensibilityGlobals) = postSolution
		SolutionGuid = {BB9FF336-6FED-4E23-A763-88E541EA47AE}
	EndGlobalSection
EndGlobal
